
Microsoft Visual Studio Solution File, Format Version 12.00
# Visual Studio 2013
VisualStudioVersion = 12.0.30501.0
MinimumVisualStudioVersion = 10.0.40219.1
Project("{FAE04EC0-301F-11D3-BF4B-00C04F79EFBC}") = "Inventory.Web", "Inventory.Web\Inventory.Web.csproj", "{9ED67BA6-2B70-47EA-9DB1-0921E29D6A90}"
EndProject
Project("{FAE04EC0-301F-11D3-BF4B-00C04F79EFBC}") = "Inventory.Web.Tests", "Inventory.Web.Tests\Inventory.Web.Tests.csproj", "{E6D511DD-EB75-4CF0-95E9-03E074043EE4}"
EndProject
Project("{2150E333-8FDC-42A3-9474-1A3956D46DE8}") = "Business", "Business", "{E7640225-ED7A-4B50-A9D9-F30FBF0F005B}"
EndProject
Project("{2150E333-8FDC-42A3-9474-1A3956D46DE8}") = "Client", "Client", "{99CC2F5C-E17B-41D0-93F6-E4C1D0777F41}"
EndProject
Project("{2150E333-8FDC-42A3-9474-1A3956D46DE8}") = "Core", "Core", "{8F1400FF-764C-47D6-8BEE-BDC3321417EA}"
EndProject
Project("{2150E333-8FDC-42A3-9474-1A3956D46DE8}") = "Hosting", "Hosting", "{BA1C9ABD-3431-4543-B77E-FE36E41EFD33}"
EndProject
Project("{2150E333-8FDC-42A3-9474-1A3956D46DE8}") = "Tests", "Tests", "{D6283669-C20C-448D-9A3F-4B4C3D0CEDA3}"
EndProject
Project("{FAE04EC0-301F-11D3-BF4B-00C04F79EFBC}") = "Inventory.Client.Entities", "Inventory.Client.Entities\Inventory.Client.Entities.csproj", "{C4230200-0071-47D0-B998-EB2089D3ACE9}"
EndProject
Project("{FAE04EC0-301F-11D3-BF4B-00C04F79EFBC}") = "Core.Common", "Core.Common\Core.Common.csproj", "{4FBF4871-F39D-481E-9039-9A845B8022D7}"
EndProject
Project("{FAE04EC0-301F-11D3-BF4B-00C04F79EFBC}") = "Core.Common.Contracts", "Core.Common.Contracts\Core.Common.Contracts.csproj", "{9A8C4E83-492E-41DA-B596-FEAAA58DF69C}"
EndProject
Project("{FAE04EC0-301F-11D3-BF4B-00C04F79EFBC}") = "Inventory.Client.Contracts", "Inventory.Client.Contracts\Inventory.Client.Contracts.csproj", "{94918A56-28B2-420D-BC90-6C8893AD1DFA}"
EndProject
Project("{FAE04EC0-301F-11D3-BF4B-00C04F79EFBC}") = "Inventory.Client.Proxies", "Inventory.Client.Proxies\Inventory.Client.Proxies.csproj", "{9690C457-9125-42A1-85A7-681CDBB1FBA4}"
EndProject
Project("{FAE04EC0-301F-11D3-BF4B-00C04F79EFBC}") = "Inventory.ServiceHost.Console", "Inventory.ServiceHost.Console\Inventory.ServiceHost.Console.csproj", "{226F29EF-A12B-4A26-91D9-B9F1AE9CBA26}"
EndProject
Project("{FAE04EC0-301F-11D3-BF4B-00C04F79EFBC}") = "Inventory.Business.Managers", "Inventory.Business.Managers\Inventory.Business.Managers.csproj", "{05B51A49-592C-4802-A8E0-1E8E1B1774A6}"
EndProject
Project("{FAE04EC0-301F-11D3-BF4B-00C04F79EFBC}") = "Inventory.Business.Boostrapper", "Inventory.Business.Boostrapper\Inventory.Business.Boostrapper.csproj", "{466DCD91-60BC-43D0-AB5D-1D59C9F4C987}"
EndProject
Project("{FAE04EC0-301F-11D3-BF4B-00C04F79EFBC}") = "Inventory.ServiceHost.Tests", "Inventory.ServiceHost.Tests\Inventory.ServiceHost.Tests.csproj", "{817CDE92-9B31-4B41-AB60-F53FD7288296}"
EndProject
Project("{FAE04EC0-301F-11D3-BF4B-00C04F79EFBC}") = "Inventory.Client.Proxies.Tests", "Inventory.Client.Proxies.Tests\Inventory.Client.Proxies.Tests.csproj", "{4D798AEC-66C6-4BBE-A12A-1923377CCC2D}"
EndProject
Project("{FAE04EC0-301F-11D3-BF4B-00C04F79EFBC}") = "Inventory.Client.Bootstrapper", "Inventory.Client.Bootstrapper\Inventory.Client.Bootstrapper.csproj", "{54759BF0-3E5D-409D-A657-90C85C9E17CE}"
EndProject
Project("{2150E333-8FDC-42A3-9474-1A3956D46DE8}") = "Resource Access", "Resource Access", "{3FD3AE6E-8946-40EF-8E21-F0B02195EB69}"
EndProject
Project("{FAE04EC0-301F-11D3-BF4B-00C04F79EFBC}") = "Inventory.Data", "Inventory.Data\Inventory.Data.csproj", "{95DD557E-88F9-4D34-8787-14A7723054EB}"
EndProject
Project("{FAE04EC0-301F-11D3-BF4B-00C04F79EFBC}") = "Inventory.Data.Contracts", "Inventory.Data.Contracts\Inventory.Data.Contracts.csproj", "{859D2266-7CBE-4B84-B76D-F45C8D6CD867}"
EndProject
Project("{FAE04EC0-301F-11D3-BF4B-00C04F79EFBC}") = "Inventory.Business.Managers.Tests", "Inventory.Business.Managers.Tests\Inventory.Business.Managers.Tests.csproj", "{9A635E31-A176-474B-8A53-3A9E830DF218}"
EndProject
Project("{FAE04EC0-301F-11D3-BF4B-00C04F79EFBC}") = "Inventory.Data.Tests", "Inventory.Data.Tests\Inventory.Data.Tests.csproj", "{980B53DF-C2B3-4BBF-BA80-701ED972ED5A}"
EndProject
Global
	GlobalSection(SolutionConfigurationPlatforms) = preSolution
		Debug|Any CPU = Debug|Any CPU
		Release|Any CPU = Release|Any CPU
	EndGlobalSection
	GlobalSection(ProjectConfigurationPlatforms) = postSolution
		{9ED67BA6-2B70-47EA-9DB1-0921E29D6A90}.Debug|Any CPU.ActiveCfg = Debug|Any CPU
		{9ED67BA6-2B70-47EA-9DB1-0921E29D6A90}.Debug|Any CPU.Build.0 = Debug|Any CPU
		{9ED67BA6-2B70-47EA-9DB1-0921E29D6A90}.Release|Any CPU.ActiveCfg = Release|Any CPU
		{9ED67BA6-2B70-47EA-9DB1-0921E29D6A90}.Release|Any CPU.Build.0 = Release|Any CPU
		{E6D511DD-EB75-4CF0-95E9-03E074043EE4}.Debug|Any CPU.ActiveCfg = Debug|Any CPU
		{E6D511DD-EB75-4CF0-95E9-03E074043EE4}.Debug|Any CPU.Build.0 = Debug|Any CPU
		{E6D511DD-EB75-4CF0-95E9-03E074043EE4}.Release|Any CPU.ActiveCfg = Release|Any CPU
		{E6D511DD-EB75-4CF0-95E9-03E074043EE4}.Release|Any CPU.Build.0 = Release|Any CPU
		{C4230200-0071-47D0-B998-EB2089D3ACE9}.Debug|Any CPU.ActiveCfg = Debug|Any CPU
		{C4230200-0071-47D0-B998-EB2089D3ACE9}.Debug|Any CPU.Build.0 = Debug|Any CPU
		{C4230200-0071-47D0-B998-EB2089D3ACE9}.Release|Any CPU.ActiveCfg = Release|Any CPU
		{C4230200-0071-47D0-B998-EB2089D3ACE9}.Release|Any CPU.Build.0 = Release|Any CPU
		{4FBF4871-F39D-481E-9039-9A845B8022D7}.Debug|Any CPU.ActiveCfg = Debug|Any CPU
		{4FBF4871-F39D-481E-9039-9A845B8022D7}.Debug|Any CPU.Build.0 = Debug|Any CPU
		{4FBF4871-F39D-481E-9039-9A845B8022D7}.Release|Any CPU.ActiveCfg = Release|Any CPU
		{4FBF4871-F39D-481E-9039-9A845B8022D7}.Release|Any CPU.Build.0 = Release|Any CPU
		{9A8C4E83-492E-41DA-B596-FEAAA58DF69C}.Debug|Any CPU.ActiveCfg = Debug|Any CPU
		{9A8C4E83-492E-41DA-B596-FEAAA58DF69C}.Debug|Any CPU.Build.0 = Debug|Any CPU
		{9A8C4E83-492E-41DA-B596-FEAAA58DF69C}.Release|Any CPU.ActiveCfg = Release|Any CPU
		{9A8C4E83-492E-41DA-B596-FEAAA58DF69C}.Release|Any CPU.Build.0 = Release|Any CPU
		{94918A56-28B2-420D-BC90-6C8893AD1DFA}.Debug|Any CPU.ActiveCfg = Debug|Any CPU
		{94918A56-28B2-420D-BC90-6C8893AD1DFA}.Debug|Any CPU.Build.0 = Debug|Any CPU
		{94918A56-28B2-420D-BC90-6C8893AD1DFA}.Release|Any CPU.ActiveCfg = Release|Any CPU
		{94918A56-28B2-420D-BC90-6C8893AD1DFA}.Release|Any CPU.Build.0 = Release|Any CPU
		{9690C457-9125-42A1-85A7-681CDBB1FBA4}.Debug|Any CPU.ActiveCfg = Debug|Any CPU
		{9690C457-9125-42A1-85A7-681CDBB1FBA4}.Debug|Any CPU.Build.0 = Debug|Any CPU
		{9690C457-9125-42A1-85A7-681CDBB1FBA4}.Release|Any CPU.ActiveCfg = Release|Any CPU
		{9690C457-9125-42A1-85A7-681CDBB1FBA4}.Release|Any CPU.Build.0 = Release|Any CPU
		{226F29EF-A12B-4A26-91D9-B9F1AE9CBA26}.Debug|Any CPU.ActiveCfg = Debug|Any CPU
		{226F29EF-A12B-4A26-91D9-B9F1AE9CBA26}.Debug|Any CPU.Build.0 = Debug|Any CPU
		{226F29EF-A12B-4A26-91D9-B9F1AE9CBA26}.Release|Any CPU.ActiveCfg = Release|Any CPU
		{226F29EF-A12B-4A26-91D9-B9F1AE9CBA26}.Release|Any CPU.Build.0 = Release|Any CPU
		{05B51A49-592C-4802-A8E0-1E8E1B1774A6}.Debug|Any CPU.ActiveCfg = Debug|Any CPU
		{05B51A49-592C-4802-A8E0-1E8E1B1774A6}.Debug|Any CPU.Build.0 = Debug|Any CPU
		{05B51A49-592C-4802-A8E0-1E8E1B1774A6}.Release|Any CPU.ActiveCfg = Release|Any CPU
		{05B51A49-592C-4802-A8E0-1E8E1B1774A6}.Release|Any CPU.Build.0 = Release|Any CPU
		{466DCD91-60BC-43D0-AB5D-1D59C9F4C987}.Debug|Any CPU.ActiveCfg = Debug|Any CPU
		{466DCD91-60BC-43D0-AB5D-1D59C9F4C987}.Debug|Any CPU.Build.0 = Debug|Any CPU
		{466DCD91-60BC-43D0-AB5D-1D59C9F4C987}.Release|Any CPU.ActiveCfg = Release|Any CPU
		{466DCD91-60BC-43D0-AB5D-1D59C9F4C987}.Release|Any CPU.Build.0 = Release|Any CPU
		{817CDE92-9B31-4B41-AB60-F53FD7288296}.Debug|Any CPU.ActiveCfg = Debug|Any CPU
		{817CDE92-9B31-4B41-AB60-F53FD7288296}.Debug|Any CPU.Build.0 = Debug|Any CPU
		{817CDE92-9B31-4B41-AB60-F53FD7288296}.Release|Any CPU.ActiveCfg = Release|Any CPU
		{817CDE92-9B31-4B41-AB60-F53FD7288296}.Release|Any CPU.Build.0 = Release|Any CPU
		{4D798AEC-66C6-4BBE-A12A-1923377CCC2D}.Debug|Any CPU.ActiveCfg = Debug|Any CPU
		{4D798AEC-66C6-4BBE-A12A-1923377CCC2D}.Debug|Any CPU.Build.0 = Debug|Any CPU
		{4D798AEC-66C6-4BBE-A12A-1923377CCC2D}.Release|Any CPU.ActiveCfg = Release|Any CPU
		{4D798AEC-66C6-4BBE-A12A-1923377CCC2D}.Release|Any CPU.Build.0 = Release|Any CPU
		{54759BF0-3E5D-409D-A657-90C85C9E17CE}.Debug|Any CPU.ActiveCfg = Debug|Any CPU
		{54759BF0-3E5D-409D-A657-90C85C9E17CE}.Debug|Any CPU.Build.0 = Debug|Any CPU
		{54759BF0-3E5D-409D-A657-90C85C9E17CE}.Release|Any CPU.ActiveCfg = Release|Any CPU
		{54759BF0-3E5D-409D-A657-90C85C9E17CE}.Release|Any CPU.Build.0 = Release|Any CPU
		{95DD557E-88F9-4D34-8787-14A7723054EB}.Debug|Any CPU.ActiveCfg = Debug|Any CPU
		{95DD557E-88F9-4D34-8787-14A7723054EB}.Debug|Any CPU.Build.0 = Debug|Any CPU
		{95DD557E-88F9-4D34-8787-14A7723054EB}.Release|Any CPU.ActiveCfg = Release|Any CPU
		{95DD557E-88F9-4D34-8787-14A7723054EB}.Release|Any CPU.Build.0 = Release|Any CPU
		{859D2266-7CBE-4B84-B76D-F45C8D6CD867}.Debug|Any CPU.ActiveCfg = Debug|Any CPU
		{859D2266-7CBE-4B84-B76D-F45C8D6CD867}.Debug|Any CPU.Build.0 = Debug|Any CPU
		{859D2266-7CBE-4B84-B76D-F45C8D6CD867}.Release|Any CPU.ActiveCfg = Release|Any CPU
		{859D2266-7CBE-4B84-B76D-F45C8D6CD867}.Release|Any CPU.Build.0 = Release|Any CPU
		{9A635E31-A176-474B-8A53-3A9E830DF218}.Debug|Any CPU.ActiveCfg = Debug|Any CPU
		{9A635E31-A176-474B-8A53-3A9E830DF218}.Debug|Any CPU.Build.0 = Debug|Any CPU
		{9A635E31-A176-474B-8A53-3A9E830DF218}.Release|Any CPU.ActiveCfg = Release|Any CPU
		{9A635E31-A176-474B-8A53-3A9E830DF218}.Release|Any CPU.Build.0 = Release|Any CPU
		{980B53DF-C2B3-4BBF-BA80-701ED972ED5A}.Debug|Any CPU.ActiveCfg = Debug|Any CPU
		{980B53DF-C2B3-4BBF-BA80-701ED972ED5A}.Debug|Any CPU.Build.0 = Debug|Any CPU
		{980B53DF-C2B3-4BBF-BA80-701ED972ED5A}.Release|Any CPU.ActiveCfg = Release|Any CPU
		{980B53DF-C2B3-4BBF-BA80-701ED972ED5A}.Release|Any CPU.Build.0 = Release|Any CPU
	EndGlobalSection
	GlobalSection(SolutionProperties) = preSolution
		HideSolutionNode = FALSE
	EndGlobalSection
	GlobalSection(NestedProjects) = preSolution
		{C4230200-0071-47D0-B998-EB2089D3ACE9} = {99CC2F5C-E17B-41D0-93F6-E4C1D0777F41}
		{4FBF4871-F39D-481E-9039-9A845B8022D7} = {8F1400FF-764C-47D6-8BEE-BDC3321417EA}
		{9A8C4E83-492E-41DA-B596-FEAAA58DF69C} = {8F1400FF-764C-47D6-8BEE-BDC3321417EA}
		{94918A56-28B2-420D-BC90-6C8893AD1DFA} = {99CC2F5C-E17B-41D0-93F6-E4C1D0777F41}
		{9690C457-9125-42A1-85A7-681CDBB1FBA4} = {99CC2F5C-E17B-41D0-93F6-E4C1D0777F41}
		{226F29EF-A12B-4A26-91D9-B9F1AE9CBA26} = {BA1C9ABD-3431-4543-B77E-FE36E41EFD33}
		{05B51A49-592C-4802-A8E0-1E8E1B1774A6} = {E7640225-ED7A-4B50-A9D9-F30FBF0F005B}
		{466DCD91-60BC-43D0-AB5D-1D59C9F4C987} = {E7640225-ED7A-4B50-A9D9-F30FBF0F005B}
		{817CDE92-9B31-4B41-AB60-F53FD7288296} = {D6283669-C20C-448D-9A3F-4B4C3D0CEDA3}
		{4D798AEC-66C6-4BBE-A12A-1923377CCC2D} = {D6283669-C20C-448D-9A3F-4B4C3D0CEDA3}
		{54759BF0-3E5D-409D-A657-90C85C9E17CE} = {99CC2F5C-E17B-41D0-93F6-E4C1D0777F41}
		{95DD557E-88F9-4D34-8787-14A7723054EB} = {3FD3AE6E-8946-40EF-8E21-F0B02195EB69}
		{859D2266-7CBE-4B84-B76D-F45C8D6CD867} = {3FD3AE6E-8946-40EF-8E21-F0B02195EB69}
		{9A635E31-A176-474B-8A53-3A9E830DF218} = {D6283669-C20C-448D-9A3F-4B4C3D0CEDA3}
		{980B53DF-C2B3-4BBF-BA80-701ED972ED5A} = {D6283669-C20C-448D-9A3F-4B4C3D0CEDA3}
	EndGlobalSection
EndGlobal
